
Microsoft Visual Studio Solution File, Format Version 11.00
# Visual Studio 2010
Project("{8BC9CEB8-8B4A-11D0-8D11-00A0C91BC942}") = "test", "test\test.vcxproj", "{E347DBD8-C55F-4AE4-B4CD-08208B9F1E2C}"
EndProject
Global
	GlobalSection(SolutionConfigurationPlatforms) = preSolution
		Debug|Win32 = Debug|Win32
		Release|Win32 = Release|Win32
	EndGlobalSection
	GlobalSection(ProjectConfigurationPlatforms) = postSolution
		{E347DBD8-C55F-4AE4-B4CD-08208B9F1E2C}.Debug|Win32.ActiveCfg = Debug|Win32
		{E347DBD8-C55F-4AE4-B4CD-08208B9F1E2C}.Debug|Win32.Build.0 = Debug|Win32
		{E347DBD8-C55F-4AE4-B4CD-08208B9F1E2C}.Release|Win32.ActiveCfg = Release|Win32
		{E347DBD8-C55F-4AE4-B4CD-08208B9F1E2C}.Release|Win32.Build.0 = Release|Win32
	EndGlobalSection
	GlobalSection(SolutionProperties) = preSolution
		HideSolutionNode = FALSE
	EndGlobalSection
EndGlobal
